{
  "lockfile_version": "1",
  "packages": {
    "github:NixOS/nixpkgs/nixpkgs-unstable": {
      "last_modified": "2026-02-16T02:09:13Z",
      "resolved": "github:NixOS/nixpkgs/d1c15b7d5806069da59e819999d70e1cec0760bf?lastModified=1771207753&narHash=sha256-b9uG8yN50DRQ6A7JdZBfzq718ryYrlmGgqkRm9OOwCE%3D"
    },
    "go@1.27.0": {
      "last_modified": "2026-08-20T07:12:19Z",
      "resolved": "github:NixOS/nixpkgs/391b592eb44808b3bd0cb80bb71b63a5a118b8bb#go_1_27",
      "source": "devbox-search",
      "version": "1.27.0",
      "systems": {
        "aarch64-darwin": {
          "outputs": [
            {
              "name": "out",
              "path": "/nix/store/yc80gss7r296qnsyqcpv4vh8lyqfzgql-go-1.27.0",
              "default": true
            }
          ],
          "store_path": "/nix/store/yc80gss7r296qnsyqcpv4vh8lyqfzgql-go-1.27.0"
        },
        "aarch64-linux": {
          "outputs": [
            {
              "name": "out",
              "path": "/nix/store/6ywlyfxa05qn37d5izyy5bkvmhi3p2gv-go-1.27.0",
              "default": true
            }
          ],
          "store_path": "/nix/store/6ywlyfxa05qn37d5izyy5bkvmhi3p2gv-go-1.27.0"
        },
        "x86_64-linux": {
          "outputs": [
            {
              "name": "out",
              "path": "/nix/store/9sz1nv010igaizprggzydbmybx8jm9ym-go-1.27.0",
              "default": true
            }
          ],
          "store_path": "/nix/store/9sz1nv010igaizprggzydbmybx8jm9ym-go-1.27.0"
        }
      }
    },
    "goreleaser@2.17.1": {
      "last_modified": "2026-08-27T07:16:00Z",
      "resolved": "github:NixOS/nixpkgs/c27cdad491a991b11ed731760aa2ef8db0cb0410#goreleaser",
      "source": "devbox-search",
      "version": "2.17.1",
      "systems": {
        "aarch64-darwin": {
          "outputs": [
            {
              "name": "out",
              "path": "/nix/store/brivs7pzf0y50f9k6ma06336smgx85f2-goreleaser-2.17.1",
              "default": true
            }
          ],
          "store_path": "/nix/store/brivs7pzf0y50f9k6ma06336smgx85f2-goreleaser-2.17.1"
        },
        "aarch64-linux": {
          "outputs": [
            {
              "name": "out",
              "path": "/nix/store/b7wgnz8kxzaglnxwrixch6hxy0zbl0nf-goreleaser-2.17.1",
              "default": true
            }
          ],
          "store_path": "/nix/store/b7wgnz8kxzaglnxwrixch6hxy0zbl0nf-goreleaser-2.17.1"
        },
        "x86_64-linux": {
          "outputs": [
            {
              "name": "out",
              "path": "/nix/store/452hvj253c9fvz35n4j8lal7s46l8i04-goreleaser-2.17.1",
              "default": true
            }
          ],
          "store_path": "/nix/store/452hvj253c9fvz35n4j8lal7s46l8i04-goreleaser-2.17.1"
        }
      }
    }
  }
}
