{
  "lockfile_version": "1",
  "packages": {
    "go@1.25.4": {
      "last_modified": "2025-11-23T21:50:36Z",
      "resolved": "github:NixOS/nixpkgs/ee09932cedcef15aaf476f9343d1dea2cb77e261#go",
      "source": "devbox-search",
      "version": "1.25.4",
      "systems": {
        "aarch64-darwin": {
          "outputs": [
            {
              "name": "out",
              "path": "/nix/store/52f5kjcmgmvgrz3rij676b3rjmgg5l5g-go-1.25.4",
              "default": true
            }
          ],
          "store_path": "/nix/store/52f5kjcmgmvgrz3rij676b3rjmgg5l5g-go-1.25.4"
        },
        "aarch64-linux": {
          "outputs": [
            {
              "name": "out",
              "path": "/nix/store/2ajrlmz1qdpm9k9ankhnp3973wxg1gqs-go-1.25.4",
              "default": true
            }
          ],
          "store_path": "/nix/store/2ajrlmz1qdpm9k9ankhnp3973wxg1gqs-go-1.25.4"
        },
        "x86_64-darwin": {
          "outputs": [
            {
              "name": "out",
              "path": "/nix/store/1rqpvp45rl4sr1l0czrlbmv8jqj9sa7r-go-1.25.4",
              "default": true
            }
          ],
          "store_path": "/nix/store/1rqpvp45rl4sr1l0czrlbmv8jqj9sa7r-go-1.25.4"
        },
        "x86_64-linux": {
          "outputs": [
            {
              "name": "out",
              "path": "/nix/store/0a3dyfq09dnkw28ap2i450wjimvdmv6s-go-1.25.4",
              "default": true
            }
          ],
          "store_path": "/nix/store/0a3dyfq09dnkw28ap2i450wjimvdmv6s-go-1.25.4"
        }
      }
    },
    "goreleaser@2.13.0": {
      "last_modified": "2025-12-01T02:47:39Z",
      "resolved": "github:NixOS/nixpkgs/0d70460758949966e91d9ecb823b821f963cefbb#goreleaser",
      "source": "devbox-search",
      "version": "2.13.0",
      "systems": {
        "aarch64-darwin": {
          "outputs": [
            {
              "name": "out",
              "path": "/nix/store/qb8wnpyspm683qway34y29n0zvad4q55-goreleaser-2.13.0",
              "default": true
            }
          ],
          "store_path": "/nix/store/qb8wnpyspm683qway34y29n0zvad4q55-goreleaser-2.13.0"
        },
        "aarch64-linux": {
          "outputs": [
            {
              "name": "out",
              "path": "/nix/store/0sgsy09mlwgsd3yr479lcv5mxp8k22pj-goreleaser-2.13.0",
              "default": true
            }
          ],
          "store_path": "/nix/store/0sgsy09mlwgsd3yr479lcv5mxp8k22pj-goreleaser-2.13.0"
        },
        "x86_64-darwin": {
          "outputs": [
            {
              "name": "out",
              "path": "/nix/store/zksrax3g8qaaycl66kcbxjkcx2262i7j-goreleaser-2.13.0",
              "default": true
            }
          ],
          "store_path": "/nix/store/zksrax3g8qaaycl66kcbxjkcx2262i7j-goreleaser-2.13.0"
        },
        "x86_64-linux": {
          "outputs": [
            {
              "name": "out",
              "path": "/nix/store/s0j5i8m7xlnh403la8d60y19wm8csxq3-goreleaser-2.13.0",
              "default": true
            }
          ],
          "store_path": "/nix/store/s0j5i8m7xlnh403la8d60y19wm8csxq3-goreleaser-2.13.0"
        }
      }
    }
  }
}
