{
  "lockfile_version": "1",
  "packages": {
    "go@1.25.3": {
      "last_modified": "2025-11-15T07:28:48Z",
      "resolved": "github:NixOS/nixpkgs/1d4c88323ac36805d09657d13a5273aea1b34f0c#go",
      "source": "devbox-search",
      "version": "1.25.3",
      "systems": {
        "aarch64-darwin": {
          "outputs": [
            {
              "name": "out",
              "path": "/nix/store/pkb0xf89mjr3j7b8lvz0vsm4c44vckyh-go-1.25.3",
              "default": true
            }
          ],
          "store_path": "/nix/store/pkb0xf89mjr3j7b8lvz0vsm4c44vckyh-go-1.25.3"
        },
        "aarch64-linux": {
          "outputs": [
            {
              "name": "out",
              "path": "/nix/store/ybh1p0f6sd3i7b66chf3gd8b1yy41p0c-go-1.25.3",
              "default": true
            }
          ],
          "store_path": "/nix/store/ybh1p0f6sd3i7b66chf3gd8b1yy41p0c-go-1.25.3"
        },
        "x86_64-darwin": {
          "outputs": [
            {
              "name": "out",
              "path": "/nix/store/w7nnzc7a6r1s3pg6lmiqwcsabrj17q08-go-1.25.3",
              "default": true
            }
          ],
          "store_path": "/nix/store/w7nnzc7a6r1s3pg6lmiqwcsabrj17q08-go-1.25.3"
        },
        "x86_64-linux": {
          "outputs": [
            {
              "name": "out",
              "path": "/nix/store/rq8lpjjzfymaznpsfvrymhqrvfg854ms-go-1.25.3",
              "default": true
            }
          ],
          "store_path": "/nix/store/rq8lpjjzfymaznpsfvrymhqrvfg854ms-go-1.25.3"
        }
      }
    },
    "goreleaser@2.11.2": {
      "last_modified": "2025-08-03T19:18:05Z",
      "resolved": "github:NixOS/nixpkgs/bf9fa86a9b1005d932f842edf2c38eeecc98eef3#goreleaser",
      "source": "devbox-search",
      "version": "2.11.2",
      "systems": {
        "aarch64-darwin": {
          "outputs": [
            {
              "name": "out",
              "path": "/nix/store/yk0c3ia7zypsk0zgj29xr2cwmmaf2f0n-goreleaser-2.11.2",
              "default": true
            }
          ],
          "store_path": "/nix/store/yk0c3ia7zypsk0zgj29xr2cwmmaf2f0n-goreleaser-2.11.2"
        },
        "aarch64-linux": {
          "outputs": [
            {
              "name": "out",
              "path": "/nix/store/sxp47kbznsq8984y97d926x020q5bfw8-goreleaser-2.11.2",
              "default": true
            }
          ],
          "store_path": "/nix/store/sxp47kbznsq8984y97d926x020q5bfw8-goreleaser-2.11.2"
        },
        "x86_64-darwin": {
          "outputs": [
            {
              "name": "out",
              "path": "/nix/store/yfzpp7a0yh0i79dh28nd15mfry2r1z5n-goreleaser-2.11.2",
              "default": true
            }
          ],
          "store_path": "/nix/store/yfzpp7a0yh0i79dh28nd15mfry2r1z5n-goreleaser-2.11.2"
        },
        "x86_64-linux": {
          "outputs": [
            {
              "name": "out",
              "path": "/nix/store/43bcvl4gr5q8j34gvy0px31y2p6d9kcq-goreleaser-2.11.2",
              "default": true
            }
          ],
          "store_path": "/nix/store/43bcvl4gr5q8j34gvy0px31y2p6d9kcq-goreleaser-2.11.2"
        }
      }
    }
  }
}
